// !$*UTF8*$!
{
	archiveVersion = 1;
	classes = {
	};
	objectVersion = 50;
	objects = {

/* Begin PBXBuildFile section */
		FF552F6B2458CC4E00432A64 /* AppDelegate.swift in Sources */ = {isa = PBXBuildFile; fileRef = FF552F6A2458CC4E00432A64 /* AppDelegate.swift */; };
		FF552F6D2458CC4E00432A64 /* SceneDelegate.swift in Sources */ = {isa = PBXBuildFile; fileRef = FF552F6C2458CC4E00432A64 /* SceneDelegate.swift */; };
		FF552F6F2458CC4E00432A64 /* ContentView.swift in Sources */ = {isa = PBXBuildFile; fileRef = FF552F6E2458CC4E00432A64 /* ContentView.swift */; };
		FF552F712458CC5000432A64 /* Assets.xcassets in Resources */ = {isa = PBXBuildFile; fileRef = FF552F702458CC5000432A64 /* Assets.xcassets */; };
		FF552F742458CC5000432A64 /* Preview Assets.xcassets in Resources */ = {isa = PBXBuildFile; fileRef = FF552F732458CC5000432A64 /* Preview Assets.xcassets */; };
		FF552F772458CC5000432A64 /* LaunchScreen.storyboard in Resources */ = {isa = PBXBuildFile; fileRef = FF552F752458CC5000432A64 /* LaunchScreen.storyboard */; };
		FF552F7F2458D09300432A64 /* ColorLabel.swift in Sources */ = {isa = PBXBuildFile; fileRef = FF552F7E2458D09300432A64 /* ColorLabel.swift */; };
/* End PBXBuildFile section */

/* Begin PBXFileReference section */
		FF552F672458CC4E00432A64 /* RGBGame.app */ = {isa = PBXFileReference; explicitFileType = wrapper.application; includeInIndex = 0; path = RGBGame.app; sourceTree = BUILT_PRODUCTS_DIR; };
		FF552F6A2458CC4E00432A64 /* AppDelegate.swift */ = {isa = PBXFileReference; lastKnownFileType = sourcecode.swift; path = AppDelegate.swift; sourceTree = "<group>"; };
		FF552F6C2458CC4E00432A64 /* SceneDelegate.swift */ = {isa = PBXFileReference; lastKnownFileType = sourcecode.swift; path = SceneDelegate.swift; sourceTree = "<group>"; };
		FF552F6E2458CC4E00432A64 /* ContentView.swift */ = {isa = PBXFileReference; lastKnownFileType = sourcecode.swift; path = ContentView.swift; sourceTree = "<group>"; };
		FF552F702458CC5000432A64 /* Assets.xcassets */ = {isa = PBXFileReference; lastKnownFileType = folder.assetcatalog; path = Assets.xcassets; sourceTree = "<group>"; };
		FF552F732458CC5000432A64 /* Preview Assets.xcassets */ = {isa = PBXFileReference; lastKnownFileType = folder.assetcatalog; path = "Preview Assets.xcassets"; sourceTree = "<group>"; };
		FF552F762458CC5000432A64 /* Base */ = {isa = PBXFileReference; lastKnownFileType = file.storyboard; name = Base; path = Base.lproj/LaunchScreen.storyboard; sourceTree = "<group>"; };
		FF552F782458CC5000432A64 /* Info.plist */ = {isa = PBXFileReference; lastKnownFileType = text.plist.xml; path = Info.plist; sourceTree = "<group>"; };
		FF552F7E2458D09300432A64 /* ColorLabel.swift */ = {isa = PBXFileReference; lastKnownFileType = sourcecode.swift; path = ColorLabel.swift; sourceTree = "<group>"; };
/* End PBXFileReference section */

/* Begin PBXFrameworksBuildPhase section */
		FF552F642458CC4E00432A64 /* Frameworks */ = {
			isa = PBXFrameworksBuildPhase;
			buildActionMask = 2147483647;
			files = (
			);
			runOnlyForDeploymentPostprocessing = 0;
		};
/* End PBXFrameworksBuildPhase section */

/* Begin PBXGroup section */
		FF552F5E2458CC4E00432A64 = {
			isa = PBXGroup;
			children = (
				FF552F692458CC4E00432A64 /* RGBGame */,
				FF552F682458CC4E00432A64 /* Products */,
			);
			sourceTree = "<group>";
		};
		FF552F682458CC4E00432A64 /* Products */ = {
			isa = PBXGroup;
			children = (
				FF552F672458CC4E00432A64 /* RGBGame.app */,
			);
			name = Products;
			sourceTree = "<group>";
		};
		FF552F692458CC4E00432A64 /* RGBGame */ = {
			isa = PBXGroup;
			children = (
				FF552F6A2458CC4E00432A64 /* AppDelegate.swift */,
				FF552F6C2458CC4E00432A64 /* SceneDelegate.swift */,
				FF552F6E2458CC4E00432A64 /* ContentView.swift */,
				FF552F7E2458D09300432A64 /* ColorLabel.swift */,
				FF552F702458CC5000432A64 /* Assets.xcassets */,
				FF552F752458CC5000432A64 /* LaunchScreen.storyboard */,
				FF552F782458CC5000432A64 /* Info.plist */,
				FF552F722458CC5000432A64 /* Preview Content */,
			);
			path = RGBGame;
			sourceTree = "<group>";
		};
		FF552F722458CC5000432A64 /* Preview Content */ = {
			isa = PBXGroup;
			children = (
				FF552F732458CC5000432A64 /* Preview Assets.xcassets */,
			);
			path = "Preview Content";
			sourceTree = "<group>";
		};
/* End PBXGroup section */

/* Begin PBXNativeTarget section */
		FF552F662458CC4E00432A64 /* RGBGame */ = {
			isa = PBXNativeTarget;
			buildConfigurationList = FF552F7B2458CC5000432A64 /* Build configuration list for PBXNativeTarget "RGBGame" */;
			buildPhases = (
				FF552F632458CC4E00432A64 /* Sources */,
				FF552F642458CC4E00432A64 /* Frameworks */,
				FF552F652458CC4E00432A64 /* Resources */,
			);
			buildRules = (
			);
			dependencies = (
			);
			name = RGBGame;
			productName = RGBGame;
			productReference = FF552F672458CC4E00432A64 /* RGBGame.app */;
			productType = "com.apple.product-type.application";
		};
/* End PBXNativeTarget section */

/* Begin PBXProject section */
		FF552F5F2458CC4E00432A64 /* Project object */ = {
			isa = PBXProject;
			attributes = {
				LastSwiftUpdateCheck = 1140;
				LastUpgradeCheck = 1140;
				ORGANIZATIONNAME = "Srinivasan Rajendran";
				TargetAttributes = {
					FF552F662458CC4E00432A64 = {
						CreatedOnToolsVersion = 11.4;
					};
				};
			};
			buildConfigurationList = FF552F622458CC4E00432A64 /* Build configuration list for PBXProject "RGBGame" */;
			compatibilityVersion = "Xcode 9.3";
			developmentRegion = en;
			hasScannedForEncodings = 0;
			knownRegions = (
				en,
				Base,
			);
			mainGroup = FF552F5E2458CC4E00432A64;
			productRefGroup = FF552F682458CC4E00432A64 /* Products */;
			projectDirPath = "";
			projectRoot = "";
			targets = (
				FF552F662458CC4E00432A64 /* RGBGame */,
			);
		};
/* End PBXProject section */

/* Begin PBXResourcesBuildPhase section */
		FF552F652458CC4E00432A64 /* Resources */ = {
			isa = PBXResourcesBuildPhase;
			buildActionMask = 2147483647;
			files = (
				FF552F772458CC5000432A64 /* LaunchScreen.storyboard in Resources */,
				FF552F742458CC5000432A64 /* Preview Assets.xcassets in Resources */,
				FF552F712458CC5000432A64 /* Assets.xcassets in Resources */,
			);
			runOnlyForDeploymentPostprocessing = 0;
		};
/* End PBXResourcesBuildPhase section */

/* Begin PBXSourcesBuildPhase section */
		FF552F632458CC4E00432A64 /* Sources */ = {
			isa = PBXSourcesBuildPhase;
			buildActionMask = 2147483647;
			files = (
				FF552F6B2458CC4E00432A64 /* AppDelegate.swift in Sources */,
				FF552F6D2458CC4E00432A64 /* SceneDelegate.swift in Sources */,
				FF552F7F2458D09300432A64 /* ColorLabel.swift in Sources */,
				FF552F6F2458CC4E00432A64 /* ContentView.swift in Sources */,
			);
			runOnlyForDeploymentPostprocessing = 0;
		};
/* End PBXSourcesBuildPhase section */

/* Begin PBXVariantGroup section */
		FF552F752458CC5000432A64 /* LaunchScreen.storyboard */ = {
			isa = PBXVariantGroup;
			children = (
				FF552F762458CC5000432A64 /* Base */,
			);
			name = LaunchScreen.storyboard;
			sourceTree = "<group>";
		};
/* End PBXVariantGroup section */

/* Begin XCBuildConfiguration section */
		FF552F792458CC5000432A64 /* Debug */ = {
			isa = XCBuildConfiguration;
			buildSettings = {
				ALWAYS_SEARCH_USER_PATHS = NO;
				CLANG_ANALYZER_NONNULL = YES;
				CLANG_ANALYZER_NUMBER_OBJECT_CONVERSION = YES_AGGRESSIVE;
				CLANG_CXX_LANGUAGE_STANDARD = "gnu++14";
				CLANG_CXX_LIBRARY = "libc++";
				CLANG_ENABLE_MODULES = YES;
				CLANG_ENABLE_OBJC_ARC = YES;
				CLANG_ENABLE_OBJC_WEAK = YES;
				CLANG_WARN_BLOCK_CAPTURE_AUTORELEASING = YES;
				CLANG_WARN_BOOL_CONVERSION = YES;
				CLANG_WARN_COMMA = YES;
				CLANG_WARN_CONSTANT_CONVERSION = YES;
				CLANG_WARN_DEPRECATED_OBJC_IMPLEMENTATIONS = YES;
				CLANG_WARN_DIRECT_OBJC_ISA_USAGE = YES_ERROR;
				CLANG_WARN_DOCUMENTATION_COMMENTS = YES;
				CLANG_WARN_EMPTY_BODY = YES;
				CLANG_WARN_ENUM_CONVERSION = YES;
				CLANG_WARN_INFINITE_RECURSION = YES;
				CLANG_WARN_INT_CONVERSION = YES;
				CLANG_WARN_NON_LITERAL_NULL_CONVERSION = YES;
				CLANG_WARN_OBJC_IMPLICIT_RETAIN_SELF = YES;
				CLANG_WARN_OBJC_LITERAL_CONVERSION = YES;
				CLANG_WARN_OBJC_ROOT_CLASS = YES_ERROR;
				CLANG_WARN_RANGE_LOOP_ANALYSIS = YES;
				CLANG_WARN_STRICT_PROTOTYPES = YES;
				CLANG_WARN_SUSPICIOUS_MOVE = YES;
				CLANG_WARN_UNGUARDED_AVAILABILITY = YES_AGGRESSIVE;
				CLANG_WARN_UNREACHABLE_CODE = YES;
				CLANG_WARN__DUPLICATE_METHOD_MATCH = YES;
				COPY_PHASE_STRIP = NO;
				DEBUG_INFORMATION_FORMAT = dwarf;
				ENABLE_STRICT_OBJC_MSGSEND = YES;
				ENABLE_TESTABILITY = YES;
				GCC_C_LANGUAGE_STANDARD = gnu11;
				GCC_DYNAMIC_NO_PIC = NO;
				GCC_NO_COMMON_BLOCKS = YES;
				GCC_OPTIMIZATION_LEVEL = 0;
				GCC_PREPROCESSOR_DEFINITIONS = (
					"DEBUG=1",
					"$(inherited)",
				);
				GCC_WARN_64_TO_32_BIT_CONVERSION = YES;
				GCC_WARN_ABOUT_RETURN_TYPE = YES_ERROR;
				GCC_WARN_UNDECLARED_SELECTOR = YES;
				GCC_WARN_UNINITIALIZED_AUTOS = YES_AGGRESSIVE;
				GCC_WARN_UNUSED_FUNCTION = YES;
				GCC_WARN_UNUSED_VARIABLE = YES;
				IPHONEOS_DEPLOYMENT_TARGET = 13.4;
				MTL_ENABLE_DEBUG_INFO = INCLUDE_SOURCE;
				MTL_FAST_MATH = YES;
				ONLY_ACTIVE_ARCH = YES;
				SDKROOT = iphoneos;
				SWIFT_ACTIVE_COMPILATION_CONDITIONS = DEBUG;
				SWIFT_OPTIMIZATION_LEVEL = "-Onone";
			};
			name = Debug;
		};
		FF552F7A2458CC5000432A64 /* Release */ = {
			isa = XCBuildConfiguration;
			buildSettings = {
				ALWAYS_SEARCH_USER_PATHS = NO;
				CLANG_ANALYZER_NONNULL = YES;
				CLANG_ANALYZER_NUMBER_OBJECT_CONVERSION = YES_AGGRESSIVE;
				CLANG_CXX_LANGUAGE_STANDARD = "gnu++14";
				CLANG_CXX_LIBRARY = "libc++";
				CLANG_ENABLE_MODULES = YES;
				CLANG_ENABLE_OBJC_ARC = YES;
				CLANG_ENABLE_OBJC_WEAK = YES;
				CLANG_WARN_BLOCK_CAPTURE_AUTORELEASING = YES;
				CLANG_WARN_BOOL_CONVERSION = YES;
				CLANG_WARN_COMMA = YES;
				CLANG_WARN_CONSTANT_CONVERSION = YES;
				CLANG_WARN_DEPRECATED_OBJC_IMPLEMENTATIONS = YES;
				CLANG_WARN_DIRECT_OBJC_ISA_USAGE = YES_ERROR;
				CLANG_WARN_DOCUMENTATION_COMMENTS = YES;
				CLANG_WARN_EMPTY_BODY = YES;
				CLANG_WARN_ENUM_CONVERSION = YES;
				CLANG_WARN_INFINITE_RECURSION = YES;
				CLANG_WARN_INT_CONVERSION = YES;
				CLANG_WARN_NON_LITERAL_NULL_CONVERSION = YES;
				CLANG_WARN_OBJC_IMPLICIT_RETAIN_SELF = YES;
				CLANG_WARN_OBJC_LITERAL_CONVERSION = YES;
				CLANG_WARN_OBJC_ROOT_CLASS = YES_ERROR;
				CLANG_WARN_RANGE_LOOP_ANALYSIS = YES;
				CLANG_WARN_STRICT_PROTOTYPES = YES;
				CLANG_WARN_SUSPICIOUS_MOVE = YES;
				CLANG_WARN_UNGUARDED_AVAILABILITY = YES_AGGRESSIVE;
				CLANG_WARN_UNREACHABLE_CODE = YES;
				CLANG_WARN__DUPLICATE_METHOD_MATCH = YES;
				COPY_PHASE_STRIP = NO;
				DEBUG_INFORMATION_FORMAT = "dwarf-with-dsym";
				ENABLE_NS_ASSERTIONS = NO;
				ENABLE_STRICT_OBJC_MSGSEND = YES;
				GCC_C_LANGUAGE_STANDARD = gnu11;
				GCC_NO_COMMON_BLOCKS = YES;
				GCC_WARN_64_TO_32_BIT_CONVERSION = YES;
				GCC_WARN_ABOUT_RETURN_TYPE = YES_ERROR;
				GCC_WARN_UNDECLARED_SELECTOR = YES;
				GCC_WARN_UNINITIALIZED_AUTOS = YES_AGGRESSIVE;
				GCC_WARN_UNUSED_FUNCTION = YES;
				GCC_WARN_UNUSED_VARIABLE = YES;
				IPHONEOS_DEPLOYMENT_TARGET = 13.4;
				MTL_ENABLE_DEBUG_INFO = NO;
				MTL_FAST_MATH = YES;
				SDKROOT = iphoneos;
				SWIFT_COMPILATION_MODE = wholemodule;
				SWIFT_OPTIMIZATION_LEVEL = "-O";
				VALIDATE_PRODUCT = YES;
			};
			name = Release;
		};
		FF552F7C2458CC5000432A64 /* Debug */ = {
			isa = XCBuildConfiguration;
			buildSettings = {
				ASSETCATALOG_COMPILER_APPICON_NAME = AppIcon;
				CODE_SIGN_STYLE = Automatic;
				DEVELOPMENT_ASSET_PATHS = "\"RGBGame/Preview Content\"";
				DEVELOPMENT_TEAM = 59PKSR6X25;
				ENABLE_PREVIEWS = YES;
				INFOPLIST_FILE = RGBGame/Info.plist;
				LD_RUNPATH_SEARCH_PATHS = (
					"$(inherited)",
					"@executable_path/Frameworks",
				);
				PRODUCT_BUNDLE_IDENTIFIER = com.srinivasan.RGBGame;
				PRODUCT_NAME = "$(TARGET_NAME)";
				SWIFT_VERSION = 5.0;
				TARGETED_DEVICE_FAMILY = "1,2";
			};
			name = Debug;
		};
		FF552F7D2458CC5000432A64 /* Release */ = {
			isa = XCBuildConfiguration;
			buildSettings = {
				ASSETCATALOG_COMPILER_APPICON_NAME = AppIcon;
				CODE_SIGN_STYLE = Automatic;
				DEVELOPMENT_ASSET_PATHS = "\"RGBGame/Preview Content\"";
				DEVELOPMENT_TEAM = 59PKSR6X25;
				ENABLE_PREVIEWS = YES;
				INFOPLIST_FILE = RGBGame/Info.plist;
				LD_RUNPATH_SEARCH_PATHS = (
					"$(inherited)",
					"@executable_path/Frameworks",
				);
				PRODUCT_BUNDLE_IDENTIFIER = com.srinivasan.RGBGame;
				PRODUCT_NAME = "$(TARGET_NAME)";
				SWIFT_VERSION = 5.0;
				TARGETED_DEVICE_FAMILY = "1,2";
			};
			name = Release;
		};
/* End XCBuildConfiguration section */

/* Begin XCConfigurationList section */
		FF552F622458CC4E00432A64 /* Build configuration list for PBXProject "RGBGame" */ = {
			isa = XCConfigurationList;
			buildConfigurations = (
				FF552F792458CC5000432A64 /* Debug */,
				FF552F7A2458CC5000432A64 /* Release */,
			);
			defaultConfigurationIsVisible = 0;
			defaultConfigurationName = Release;
		};
		FF552F7B2458CC5000432A64 /* Build configuration list for PBXNativeTarget "RGBGame" */ = {
			isa = XCConfigurationList;
			buildConfigurations = (
				FF552F7C2458CC5000432A64 /* Debug */,
				FF552F7D2458CC5000432A64 /* Release */,
			);
			defaultConfigurationIsVisible = 0;
			defaultConfigurationName = Release;
		};
/* End XCConfigurationList section */
	};
	rootObject = FF552F5F2458CC4E00432A64 /* Project object */;
}
